
Microsoft Visual Studio Solution File, Format Version 12.00
# Visual Studio Version 17
VisualStudioVersion = 17.2.32602.215
MinimumVisualStudioVersion = 10.0.40219.1
Project("{9A19103F-16F7-4668-BE54-9A1E7A4F7556}") = "SummatorAndroidTests", "AppiumMobileTests\SummatorAndroidTests.csproj", "{95A434F7-42C5-4C41-8F76-B973107866D8}"
EndProject
Project("{9A19103F-16F7-4668-BE54-9A1E7A4F7556}") = "ContactBookAndroidTests", "ContactBookAndroidTests\ContactBookAndroidTests.csproj", "{4FB49B42-14BA-4764-B61A-96C59D7A404C}"
EndProject
Project("{FAE04EC0-301F-11D3-BF4B-00C04F79EFBC}") = "VivinoAndroidTests", "VivinoAndroidTests\VivinoAndroidTests.csproj", "{C8780591-3CFE-4BB9-9D79-7ADDFF23C313}"
EndProject
Global
	GlobalSection(SolutionConfigurationPlatforms) = preSolution
		Debug|Any CPU = Debug|Any CPU
		Release|Any CPU = Release|Any CPU
	EndGlobalSection
	GlobalSection(ProjectConfigurationPlatforms) = postSolution
		{95A434F7-42C5-4C41-8F76-B973107866D8}.Debug|Any CPU.ActiveCfg = Debug|Any CPU
		{95A434F7-42C5-4C41-8F76-B973107866D8}.Debug|Any CPU.Build.0 = Debug|Any CPU
		{95A434F7-42C5-4C41-8F76-B973107866D8}.Release|Any CPU.ActiveCfg = Release|Any CPU
		{95A434F7-42C5-4C41-8F76-B973107866D8}.Release|Any CPU.Build.0 = Release|Any CPU
		{4FB49B42-14BA-4764-B61A-96C59D7A404C}.Debug|Any CPU.ActiveCfg = Debug|Any CPU
		{4FB49B42-14BA-4764-B61A-96C59D7A404C}.Debug|Any CPU.Build.0 = Debug|Any CPU
		{4FB49B42-14BA-4764-B61A-96C59D7A404C}.Release|Any CPU.ActiveCfg = Release|Any CPU
		{4FB49B42-14BA-4764-B61A-96C59D7A404C}.Release|Any CPU.Build.0 = Release|Any CPU
		{C8780591-3CFE-4BB9-9D79-7ADDFF23C313}.Debug|Any CPU.ActiveCfg = Debug|Any CPU
		{C8780591-3CFE-4BB9-9D79-7ADDFF23C313}.Debug|Any CPU.Build.0 = Debug|Any CPU
		{C8780591-3CFE-4BB9-9D79-7ADDFF23C313}.Release|Any CPU.ActiveCfg = Release|Any CPU
		{C8780591-3CFE-4BB9-9D79-7ADDFF23C313}.Release|Any CPU.Build.0 = Release|Any CPU
	EndGlobalSection
	GlobalSection(SolutionProperties) = preSolution
		HideSolutionNode = FALSE
	EndGlobalSection
	GlobalSection(ExtensibilityGlobals) = postSolution
		SolutionGuid = {37A0EBF5-A38B-4BEC-989F-032A393FF5DB}
	EndGlobalSection
EndGlobal
